// !$*UTF8*$!
{
	archiveVersion = 1;
	classes = {
	};
	objectVersion = 48;
	objects = {

/* Begin PBXBuildFile section */
		FE1E44DD1FE0ABF200467B72 /* neighborhood.cpp in Sources */ = {isa = PBXBuildFile; fileRef = FE1E44DB1FE0ABF200467B72 /* neighborhood.cpp */; };
		FE20DE351FC7A4D50082083B /* main.cpp in Sources */ = {isa = PBXBuildFile; fileRef = FE20DE341FC7A4D50082083B /* main.cpp */; };
		FE7E97211FE0496000502DC4 /* input.cpp in Sources */ = {isa = PBXBuildFile; fileRef = FE7E971F1FE0496000502DC4 /* input.cpp */; };
		FE7E97241FE04AA700502DC4 /* initial_solution.cpp in Sources */ = {isa = PBXBuildFile; fileRef = FE7E97221FE04AA700502DC4 /* initial_solution.cpp */; };
		FE7E97271FE04B9400502DC4 /* evaluation.cpp in Sources */ = {isa = PBXBuildFile; fileRef = FE7E97251FE04B9400502DC4 /* evaluation.cpp */; };
		FE7E972A1FE0568A00502DC4 /* movements.cpp in Sources */ = {isa = PBXBuildFile; fileRef = FE7E97281FE0568A00502DC4 /* movements.cpp */; };
		FEE4329E1FE2FC1F008A2EC9 /* webeo.cpp in Sources */ = {isa = PBXBuildFile; fileRef = FEE4329D1FE2FC1F008A2EC9 /* webeo.cpp */; };
/* End PBXBuildFile section */

/* Begin PBXCopyFilesBuildPhase section */
		FE20DE2F1FC7A4D50082083B /* CopyFiles */ = {
			isa = PBXCopyFilesBuildPhase;
			buildActionMask = 2147483647;
			dstPath = /usr/share/man/man1/;
			dstSubfolderSpec = 0;
			files = (
			);
			runOnlyForDeploymentPostprocessing = 1;
		};
/* End PBXCopyFilesBuildPhase section */

/* Begin PBXFileReference section */
		FE1E44DB1FE0ABF200467B72 /* neighborhood.cpp */ = {isa = PBXFileReference; lastKnownFileType = sourcecode.cpp.cpp; path = neighborhood.cpp; sourceTree = "<group>"; };
		FE1E44DC1FE0ABF200467B72 /* neighborhood.h */ = {isa = PBXFileReference; lastKnownFileType = sourcecode.c.h; path = neighborhood.h; sourceTree = "<group>"; };
		FE20DE311FC7A4D50082083B /* TTP_HC */ = {isa = PBXFileReference; explicitFileType = "compiled.mach-o.executable"; includeInIndex = 0; path = TTP_HC; sourceTree = BUILT_PRODUCTS_DIR; };
		FE20DE341FC7A4D50082083B /* main.cpp */ = {isa = PBXFileReference; lastKnownFileType = sourcecode.cpp.cpp; path = main.cpp; sourceTree = "<group>"; };
		FE7E971F1FE0496000502DC4 /* input.cpp */ = {isa = PBXFileReference; lastKnownFileType = sourcecode.cpp.cpp; path = input.cpp; sourceTree = "<group>"; };
		FE7E97201FE0496000502DC4 /* input.h */ = {isa = PBXFileReference; lastKnownFileType = sourcecode.c.h; path = input.h; sourceTree = "<group>"; };
		FE7E97221FE04AA700502DC4 /* initial_solution.cpp */ = {isa = PBXFileReference; lastKnownFileType = sourcecode.cpp.cpp; path = initial_solution.cpp; sourceTree = "<group>"; };
		FE7E97231FE04AA700502DC4 /* initial_solution.h */ = {isa = PBXFileReference; lastKnownFileType = sourcecode.c.h; path = initial_solution.h; sourceTree = "<group>"; };
		FE7E97251FE04B9400502DC4 /* evaluation.cpp */ = {isa = PBXFileReference; lastKnownFileType = sourcecode.cpp.cpp; path = evaluation.cpp; sourceTree = "<group>"; };
		FE7E97261FE04B9400502DC4 /* evaluation.h */ = {isa = PBXFileReference; lastKnownFileType = sourcecode.c.h; path = evaluation.h; sourceTree = "<group>"; };
		FE7E97281FE0568A00502DC4 /* movements.cpp */ = {isa = PBXFileReference; lastKnownFileType = sourcecode.cpp.cpp; path = movements.cpp; sourceTree = "<group>"; };
		FE7E97291FE0568A00502DC4 /* movements.h */ = {isa = PBXFileReference; lastKnownFileType = sourcecode.c.h; path = movements.h; sourceTree = "<group>"; };
		FEE4329D1FE2FC1F008A2EC9 /* webeo.cpp */ = {isa = PBXFileReference; lastKnownFileType = sourcecode.cpp.cpp; path = webeo.cpp; sourceTree = "<group>"; };
/* End PBXFileReference section */

/* Begin PBXFrameworksBuildPhase section */
		FE20DE2E1FC7A4D50082083B /* Frameworks */ = {
			isa = PBXFrameworksBuildPhase;
			buildActionMask = 2147483647;
			files = (
			);
			runOnlyForDeploymentPostprocessing = 0;
		};
/* End PBXFrameworksBuildPhase section */

/* Begin PBXGroup section */
		FE20DE281FC7A4D50082083B = {
			isa = PBXGroup;
			children = (
				FE20DE331FC7A4D50082083B /* TTP_HC */,
				FE20DE321FC7A4D50082083B /* Products */,
			);
			sourceTree = "<group>";
		};
		FE20DE321FC7A4D50082083B /* Products */ = {
			isa = PBXGroup;
			children = (
				FE20DE311FC7A4D50082083B /* TTP_HC */,
			);
			name = Products;
			sourceTree = "<group>";
		};
		FE20DE331FC7A4D50082083B /* TTP_HC */ = {
			isa = PBXGroup;
			children = (
				FE20DE341FC7A4D50082083B /* main.cpp */,
				FE7E971F1FE0496000502DC4 /* input.cpp */,
				FE7E97201FE0496000502DC4 /* input.h */,
				FE7E97221FE04AA700502DC4 /* initial_solution.cpp */,
				FE7E97231FE04AA700502DC4 /* initial_solution.h */,
				FE7E97251FE04B9400502DC4 /* evaluation.cpp */,
				FE7E97261FE04B9400502DC4 /* evaluation.h */,
				FE7E97281FE0568A00502DC4 /* movements.cpp */,
				FE7E97291FE0568A00502DC4 /* movements.h */,
				FE1E44DB1FE0ABF200467B72 /* neighborhood.cpp */,
				FE1E44DC1FE0ABF200467B72 /* neighborhood.h */,
				FEE4329D1FE2FC1F008A2EC9 /* webeo.cpp */,
			);
			path = TTP_HC;
			sourceTree = "<group>";
		};
/* End PBXGroup section */

/* Begin PBXNativeTarget section */
		FE20DE301FC7A4D50082083B /* TTP_HC */ = {
			isa = PBXNativeTarget;
			buildConfigurationList = FE20DE381FC7A4D50082083B /* Build configuration list for PBXNativeTarget "TTP_HC" */;
			buildPhases = (
				FE20DE2D1FC7A4D50082083B /* Sources */,
				FE20DE2E1FC7A4D50082083B /* Frameworks */,
				FE20DE2F1FC7A4D50082083B /* CopyFiles */,
			);
			buildRules = (
			);
			dependencies = (
			);
			name = TTP_HC;
			productName = TTP_HC;
			productReference = FE20DE311FC7A4D50082083B /* TTP_HC */;
			productType = "com.apple.product-type.tool";
		};
/* End PBXNativeTarget section */

/* Begin PBXProject section */
		FE20DE291FC7A4D50082083B /* Project object */ = {
			isa = PBXProject;
			attributes = {
				LastUpgradeCheck = 0910;
				ORGANIZATIONNAME = "Lukas Zamora";
				TargetAttributes = {
					FE20DE301FC7A4D50082083B = {
						CreatedOnToolsVersion = 9.1;
						ProvisioningStyle = Automatic;
					};
				};
			};
			buildConfigurationList = FE20DE2C1FC7A4D50082083B /* Build configuration list for PBXProject "TTP_HC" */;
			compatibilityVersion = "Xcode 8.0";
			developmentRegion = en;
			hasScannedForEncodings = 0;
			knownRegions = (
				en,
			);
			mainGroup = FE20DE281FC7A4D50082083B;
			productRefGroup = FE20DE321FC7A4D50082083B /* Products */;
			projectDirPath = "";
			projectRoot = "";
			targets = (
				FE20DE301FC7A4D50082083B /* TTP_HC */,
			);
		};
/* End PBXProject section */

/* Begin PBXSourcesBuildPhase section */
		FE20DE2D1FC7A4D50082083B /* Sources */ = {
			isa = PBXSourcesBuildPhase;
			buildActionMask = 2147483647;
			files = (
				FE7E97211FE0496000502DC4 /* input.cpp in Sources */,
				FEE4329E1FE2FC1F008A2EC9 /* webeo.cpp in Sources */,
				FE1E44DD1FE0ABF200467B72 /* neighborhood.cpp in Sources */,
				FE7E972A1FE0568A00502DC4 /* movements.cpp in Sources */,
				FE7E97241FE04AA700502DC4 /* initial_solution.cpp in Sources */,
				FE7E97271FE04B9400502DC4 /* evaluation.cpp in Sources */,
				FE20DE351FC7A4D50082083B /* main.cpp in Sources */,
			);
			runOnlyForDeploymentPostprocessing = 0;
		};
/* End PBXSourcesBuildPhase section */

/* Begin XCBuildConfiguration section */
		FE20DE361FC7A4D50082083B /* Debug */ = {
			isa = XCBuildConfiguration;
			buildSettings = {
				ALWAYS_SEARCH_USER_PATHS = NO;
				CLANG_ANALYZER_NONNULL = YES;
				CLANG_ANALYZER_NUMBER_OBJECT_CONVERSION = YES_AGGRESSIVE;
				CLANG_CXX_LANGUAGE_STANDARD = "gnu++14";
				CLANG_CXX_LIBRARY = "libc++";
				CLANG_ENABLE_MODULES = YES;
				CLANG_ENABLE_OBJC_ARC = YES;
				CLANG_WARN_BLOCK_CAPTURE_AUTORELEASING = YES;
				CLANG_WARN_BOOL_CONVERSION = YES;
				CLANG_WARN_COMMA = YES;
				CLANG_WARN_CONSTANT_CONVERSION = YES;
				CLANG_WARN_DIRECT_OBJC_ISA_USAGE = YES_ERROR;
				CLANG_WARN_DOCUMENTATION_COMMENTS = YES;
				CLANG_WARN_EMPTY_BODY = YES;
				CLANG_WARN_ENUM_CONVERSION = YES;
				CLANG_WARN_INFINITE_RECURSION = YES;
				CLANG_WARN_INT_CONVERSION = YES;
				CLANG_WARN_NON_LITERAL_NULL_CONVERSION = YES;
				CLANG_WARN_OBJC_LITERAL_CONVERSION = YES;
				CLANG_WARN_OBJC_ROOT_CLASS = YES_ERROR;
				CLANG_WARN_RANGE_LOOP_ANALYSIS = YES;
				CLANG_WARN_STRICT_PROTOTYPES = YES;
				CLANG_WARN_SUSPICIOUS_MOVE = YES;
				CLANG_WARN_UNGUARDED_AVAILABILITY = YES_AGGRESSIVE;
				CLANG_WARN_UNREACHABLE_CODE = YES;
				CLANG_WARN__DUPLICATE_METHOD_MATCH = YES;
				CODE_SIGN_IDENTITY = "-";
				COPY_PHASE_STRIP = NO;
				DEBUG_INFORMATION_FORMAT = dwarf;
				ENABLE_STRICT_OBJC_MSGSEND = YES;
				ENABLE_TESTABILITY = YES;
				GCC_C_LANGUAGE_STANDARD = gnu11;
				GCC_DYNAMIC_NO_PIC = NO;
				GCC_NO_COMMON_BLOCKS = YES;
				GCC_OPTIMIZATION_LEVEL = 0;
				GCC_PREPROCESSOR_DEFINITIONS = (
					"DEBUG=1",
					"$(inherited)",
				);
				GCC_WARN_64_TO_32_BIT_CONVERSION = YES;
				GCC_WARN_ABOUT_RETURN_TYPE = YES_ERROR;
				GCC_WARN_UNDECLARED_SELECTOR = YES;
				GCC_WARN_UNINITIALIZED_AUTOS = YES_AGGRESSIVE;
				GCC_WARN_UNUSED_FUNCTION = YES;
				GCC_WARN_UNUSED_VARIABLE = YES;
				MACOSX_DEPLOYMENT_TARGET = 10.13;
				MTL_ENABLE_DEBUG_INFO = YES;
				ONLY_ACTIVE_ARCH = YES;
				SDKROOT = macosx;
			};
			name = Debug;
		};
		FE20DE371FC7A4D50082083B /* Release */ = {
			isa = XCBuildConfiguration;
			buildSettings = {
				ALWAYS_SEARCH_USER_PATHS = NO;
				CLANG_ANALYZER_NONNULL = YES;
				CLANG_ANALYZER_NUMBER_OBJECT_CONVERSION = YES_AGGRESSIVE;
				CLANG_CXX_LANGUAGE_STANDARD = "gnu++14";
				CLANG_CXX_LIBRARY = "libc++";
				CLANG_ENABLE_MODULES = YES;
				CLANG_ENABLE_OBJC_ARC = YES;
				CLANG_WARN_BLOCK_CAPTURE_AUTORELEASING = YES;
				CLANG_WARN_BOOL_CONVERSION = YES;
				CLANG_WARN_COMMA = YES;
				CLANG_WARN_CONSTANT_CONVERSION = YES;
				CLANG_WARN_DIRECT_OBJC_ISA_USAGE = YES_ERROR;
				CLANG_WARN_DOCUMENTATION_COMMENTS = YES;
				CLANG_WARN_EMPTY_BODY = YES;
				CLANG_WARN_ENUM_CONVERSION = YES;
				CLANG_WARN_INFINITE_RECURSION = YES;
				CLANG_WARN_INT_CONVERSION = YES;
				CLANG_WARN_NON_LITERAL_NULL_CONVERSION = YES;
				CLANG_WARN_OBJC_LITERAL_CONVERSION = YES;
				CLANG_WARN_OBJC_ROOT_CLASS = YES_ERROR;
				CLANG_WARN_RANGE_LOOP_ANALYSIS = YES;
				CLANG_WARN_STRICT_PROTOTYPES = YES;
				CLANG_WARN_SUSPICIOUS_MOVE = YES;
				CLANG_WARN_UNGUARDED_AVAILABILITY = YES_AGGRESSIVE;
				CLANG_WARN_UNREACHABLE_CODE = YES;
				CLANG_WARN__DUPLICATE_METHOD_MATCH = YES;
				CODE_SIGN_IDENTITY = "-";
				COPY_PHASE_STRIP = NO;
				DEBUG_INFORMATION_FORMAT = "dwarf-with-dsym";
				ENABLE_NS_ASSERTIONS = NO;
				ENABLE_STRICT_OBJC_MSGSEND = YES;
				GCC_C_LANGUAGE_STANDARD = gnu11;
				GCC_NO_COMMON_BLOCKS = YES;
				GCC_WARN_64_TO_32_BIT_CONVERSION = YES;
				GCC_WARN_ABOUT_RETURN_TYPE = YES_ERROR;
				GCC_WARN_UNDECLARED_SELECTOR = YES;
				GCC_WARN_UNINITIALIZED_AUTOS = YES_AGGRESSIVE;
				GCC_WARN_UNUSED_FUNCTION = YES;
				GCC_WARN_UNUSED_VARIABLE = YES;
				MACOSX_DEPLOYMENT_TARGET = 10.13;
				MTL_ENABLE_DEBUG_INFO = NO;
				SDKROOT = macosx;
			};
			name = Release;
		};
		FE20DE391FC7A4D50082083B /* Debug */ = {
			isa = XCBuildConfiguration;
			buildSettings = {
				CODE_SIGN_STYLE = Automatic;
				GCC_VERSION = "";
				PRODUCT_NAME = "$(TARGET_NAME)";
			};
			name = Debug;
		};
		FE20DE3A1FC7A4D50082083B /* Release */ = {
			isa = XCBuildConfiguration;
			buildSettings = {
				CODE_SIGN_STYLE = Automatic;
				GCC_VERSION = "";
				PRODUCT_NAME = "$(TARGET_NAME)";
			};
			name = Release;
		};
/* End XCBuildConfiguration section */

/* Begin XCConfigurationList section */
		FE20DE2C1FC7A4D50082083B /* Build configuration list for PBXProject "TTP_HC" */ = {
			isa = XCConfigurationList;
			buildConfigurations = (
				FE20DE361FC7A4D50082083B /* Debug */,
				FE20DE371FC7A4D50082083B /* Release */,
			);
			defaultConfigurationIsVisible = 0;
			defaultConfigurationName = Release;
		};
		FE20DE381FC7A4D50082083B /* Build configuration list for PBXNativeTarget "TTP_HC" */ = {
			isa = XCConfigurationList;
			buildConfigurations = (
				FE20DE391FC7A4D50082083B /* Debug */,
				FE20DE3A1FC7A4D50082083B /* Release */,
			);
			defaultConfigurationIsVisible = 0;
			defaultConfigurationName = Release;
		};
/* End XCConfigurationList section */
	};
	rootObject = FE20DE291FC7A4D50082083B /* Project object */;
}
